
Microsoft Visual Studio Solution File, Format Version 12.00
# Visual Studio Version 17
VisualStudioVersion = 17.12.35506.116
MinimumVisualStudioVersion = 10.0.40219.1
Project("{8BC9CEB8-8B4A-11D0-8D11-00A0C91BC942}") = "replace", "Replace\Replace.vcxproj", "{B51BFE70-A75C-475A-9AC1-61F723DBC7AA}"
EndProject
Project("{8BC9CEB8-8B4A-11D0-8D11-00A0C91BC942}") = "radix", "Radix\radix.vcxproj", "{62984512-D9A3-4CAC-8389-09282D4C21A6}"
EndProject
Project("{8BC9CEB8-8B4A-11D0-8D11-00A0C91BC942}") = "invert", "Invert\Invert.vcxproj", "{1A43A457-499A-4D55-B667-1B14679326C1}"
EndProject
Project("{8BC9CEB8-8B4A-11D0-8D11-00A0C91BC942}") = "fill", "Fill\Fill.vcxproj", "{16DD2F8A-444A-478F-A2FE-E88AFB163807}"
EndProject
Project("{8BC9CEB8-8B4A-11D0-8D11-00A0C91BC942}") = "crypt", "Crypt\Crypt.vcxproj", "{ED102C85-B4DD-4781-8AA0-FC8C8150DE5A}"
EndProject
Project("{8BC9CEB8-8B4A-11D0-8D11-00A0C91BC942}") = "vector", "Vector\Vector.vcxproj", "{8715BA4E-50D2-4C9B-976A-5C393B9631CE}"
EndProject
Project("{8BC9CEB8-8B4A-11D0-8D11-00A0C91BC942}") = "html_decode", "HtmlDecode\String.vcxproj", "{0201C51F-2544-4E59-AC12-B3B25E072D78}"
EndProject
Project("{8BC9CEB8-8B4A-11D0-8D11-00A0C91BC942}") = "dictionary", "Dictionary\DictionaryMap.vcxproj", "{DE533415-724D-469F-B02D-04A7DB402007}"
EndProject
Project("{8BC9CEB8-8B4A-11D0-8D11-00A0C91BC942}") = "generate_prime_numbers", "GeneratePrimeNumbers\GeneratePrimeNumbersSet.vcxproj", "{C2A40B68-EF5D-4D66-B285-322E1E185150}"
EndProject
Project("{8BC9CEB8-8B4A-11D0-8D11-00A0C91BC942}") = "parse_url", "ParseUrl\ParseUrl.vcxproj", "{3128340B-3353-45CE-94A9-3C78E1EEDF4C}"
EndProject
Project("{8BC9CEB8-8B4A-11D0-8D11-00A0C91BC942}") = "car", "Car\Car.vcxproj", "{86E4278E-D82F-404A-B03D-0ACBD2E398B9}"
EndProject
Project("{2150E333-8FDC-42A3-9474-1A3956D46DE8}") = "Элементы решения", "Элементы решения", "{754FC069-D67B-A9D7-50A1-8D1CA196D8F1}"
	ProjectSection(SolutionItems) = preProject
		BazaDan.txt = BazaDan.txt
		BazaDan2.txt = BazaDan2.txt
		BazaDan3.txt = BazaDan3.txt
		BazaDan4.txt = BazaDan4.txt
		BazaDan5.txt = BazaDan5.txt
		BazaDan6.txt = BazaDan6.txt
		BazaDan7.txt = BazaDan7.txt
		TextFile1.txt = TextFile1.txt
		TextFile10.txt = TextFile10.txt
		TextFile11.txt = TextFile11.txt
		TextFile12.txt = TextFile12.txt
		TextFile2.txt = TextFile2.txt
		TextFile3.txt = TextFile3.txt
		TextFile4.txt = TextFile4.txt
		TextFile5.txt = TextFile5.txt
		TextFile6.txt = TextFile6.txt
		TextFile7.txt = TextFile7.txt
		TextFile8.txt = TextFile8.txt
		TextFile9.txt = TextFile9.txt
	EndProjectSection
EndProject
Project("{8BC9CEB8-8B4A-11D0-8D11-00A0C91BC942}") = "my_vector", "MyVector\MyVector.vcxproj", "{5E6BE57F-3A05-4160-AD07-A27F242583FC}"
EndProject
Project("{8BC9CEB8-8B4A-11D0-8D11-00A0C91BC942}") = "shapes", "Shapes\Shapes.vcxproj", "{248797EA-63FE-40D3-B0CA-D9EA10C8F13E}"
EndProject
Project("{8BC9CEB8-8B4A-11D0-8D11-00A0C91BC942}") = "my_string", "MyString\MyString.vcxproj", "{ADCAE518-B0B5-4196-995D-7B566AB701B4}"
EndProject
Project("{8BC9CEB8-8B4A-11D0-8D11-00A0C91BC942}") = "date", "Date\Date.vcxproj", "{3CC188C2-82C7-4D97-A3FB-E7AF9E7E033D}"
EndProject
Project("{8BC9CEB8-8B4A-11D0-8D11-00A0C91BC942}") = "http_url", "HttpUrl\HttpUrl.vcxproj", "{06774B99-5051-4BDA-B267-F7B20B7ADF4D}"
	ProjectSection(ProjectDependencies) = postProject
		{3128340B-3353-45CE-94A9-3C78E1EEDF4C} = {3128340B-3353-45CE-94A9-3C78E1EEDF4C}
	EndProjectSection
EndProject
Project("{8BC9CEB8-8B4A-11D0-8D11-00A0C91BC942}") = "string_list", "StringList\StringList.vcxproj", "{78FD01C5-7B99-45B7-AD66-7CA54E37CBCB}"
EndProject
Project("{8BC9CEB8-8B4A-11D0-8D11-00A0C91BC942}") = "find_max_ex", "FindMaxEx\FindMaxEx.vcxproj", "{1D346DC7-334F-4528-88E8-4F14DC8C7268}"
EndProject
Project("{8BC9CEB8-8B4A-11D0-8D11-00A0C91BC942}") = "vehicle", "Vehicle\Vehicle.vcxproj", "{452DDCD9-2AB8-4401-A84D-443930D46763}"
EndProject
Global
	GlobalSection(SolutionConfigurationPlatforms) = preSolution
		Debug|x64 = Debug|x64
		Debug|x86 = Debug|x86
		Release|x64 = Release|x64
		Release|x86 = Release|x86
	EndGlobalSection
	GlobalSection(ProjectConfigurationPlatforms) = postSolution
		{B51BFE70-A75C-475A-9AC1-61F723DBC7AA}.Debug|x64.ActiveCfg = Debug|x64
		{B51BFE70-A75C-475A-9AC1-61F723DBC7AA}.Debug|x64.Build.0 = Debug|x64
		{B51BFE70-A75C-475A-9AC1-61F723DBC7AA}.Debug|x86.ActiveCfg = Debug|Win32
		{B51BFE70-A75C-475A-9AC1-61F723DBC7AA}.Debug|x86.Build.0 = Debug|Win32
		{B51BFE70-A75C-475A-9AC1-61F723DBC7AA}.Release|x64.ActiveCfg = Release|x64
		{B51BFE70-A75C-475A-9AC1-61F723DBC7AA}.Release|x64.Build.0 = Release|x64
		{B51BFE70-A75C-475A-9AC1-61F723DBC7AA}.Release|x86.ActiveCfg = Release|Win32
		{B51BFE70-A75C-475A-9AC1-61F723DBC7AA}.Release|x86.Build.0 = Release|Win32
		{62984512-D9A3-4CAC-8389-09282D4C21A6}.Debug|x64.ActiveCfg = Debug|x64
		{62984512-D9A3-4CAC-8389-09282D4C21A6}.Debug|x64.Build.0 = Debug|x64
		{62984512-D9A3-4CAC-8389-09282D4C21A6}.Debug|x86.ActiveCfg = Debug|Win32
		{62984512-D9A3-4CAC-8389-09282D4C21A6}.Debug|x86.Build.0 = Debug|Win32
		{62984512-D9A3-4CAC-8389-09282D4C21A6}.Release|x64.ActiveCfg = Release|x64
		{62984512-D9A3-4CAC-8389-09282D4C21A6}.Release|x64.Build.0 = Release|x64
		{62984512-D9A3-4CAC-8389-09282D4C21A6}.Release|x86.ActiveCfg = Release|Win32
		{62984512-D9A3-4CAC-8389-09282D4C21A6}.Release|x86.Build.0 = Release|Win32
		{1A43A457-499A-4D55-B667-1B14679326C1}.Debug|x64.ActiveCfg = Debug|x64
		{1A43A457-499A-4D55-B667-1B14679326C1}.Debug|x64.Build.0 = Debug|x64
		{1A43A457-499A-4D55-B667-1B14679326C1}.Debug|x86.ActiveCfg = Debug|Win32
		{1A43A457-499A-4D55-B667-1B14679326C1}.Debug|x86.Build.0 = Debug|Win32
		{1A43A457-499A-4D55-B667-1B14679326C1}.Release|x64.ActiveCfg = Release|x64
		{1A43A457-499A-4D55-B667-1B14679326C1}.Release|x64.Build.0 = Release|x64
		{1A43A457-499A-4D55-B667-1B14679326C1}.Release|x86.ActiveCfg = Release|Win32
		{1A43A457-499A-4D55-B667-1B14679326C1}.Release|x86.Build.0 = Release|Win32
		{16DD2F8A-444A-478F-A2FE-E88AFB163807}.Debug|x64.ActiveCfg = Debug|x64
		{16DD2F8A-444A-478F-A2FE-E88AFB163807}.Debug|x64.Build.0 = Debug|x64
		{16DD2F8A-444A-478F-A2FE-E88AFB163807}.Debug|x86.ActiveCfg = Debug|Win32
		{16DD2F8A-444A-478F-A2FE-E88AFB163807}.Debug|x86.Build.0 = Debug|Win32
		{16DD2F8A-444A-478F-A2FE-E88AFB163807}.Release|x64.ActiveCfg = Release|x64
		{16DD2F8A-444A-478F-A2FE-E88AFB163807}.Release|x64.Build.0 = Release|x64
		{16DD2F8A-444A-478F-A2FE-E88AFB163807}.Release|x86.ActiveCfg = Release|Win32
		{16DD2F8A-444A-478F-A2FE-E88AFB163807}.Release|x86.Build.0 = Release|Win32
		{ED102C85-B4DD-4781-8AA0-FC8C8150DE5A}.Debug|x64.ActiveCfg = Debug|x64
		{ED102C85-B4DD-4781-8AA0-FC8C8150DE5A}.Debug|x64.Build.0 = Debug|x64
		{ED102C85-B4DD-4781-8AA0-FC8C8150DE5A}.Debug|x86.ActiveCfg = Debug|Win32
		{ED102C85-B4DD-4781-8AA0-FC8C8150DE5A}.Debug|x86.Build.0 = Debug|Win32
		{ED102C85-B4DD-4781-8AA0-FC8C8150DE5A}.Release|x64.ActiveCfg = Release|x64
		{ED102C85-B4DD-4781-8AA0-FC8C8150DE5A}.Release|x64.Build.0 = Release|x64
		{ED102C85-B4DD-4781-8AA0-FC8C8150DE5A}.Release|x86.ActiveCfg = Release|Win32
		{ED102C85-B4DD-4781-8AA0-FC8C8150DE5A}.Release|x86.Build.0 = Release|Win32
		{8715BA4E-50D2-4C9B-976A-5C393B9631CE}.Debug|x64.ActiveCfg = Debug|x64
		{8715BA4E-50D2-4C9B-976A-5C393B9631CE}.Debug|x64.Build.0 = Debug|x64
		{8715BA4E-50D2-4C9B-976A-5C393B9631CE}.Debug|x86.ActiveCfg = Debug|Win32
		{8715BA4E-50D2-4C9B-976A-5C393B9631CE}.Debug|x86.Build.0 = Debug|Win32
		{8715BA4E-50D2-4C9B-976A-5C393B9631CE}.Release|x64.ActiveCfg = Release|x64
		{8715BA4E-50D2-4C9B-976A-5C393B9631CE}.Release|x64.Build.0 = Release|x64
		{8715BA4E-50D2-4C9B-976A-5C393B9631CE}.Release|x86.ActiveCfg = Release|Win32
		{8715BA4E-50D2-4C9B-976A-5C393B9631CE}.Release|x86.Build.0 = Release|Win32
		{0201C51F-2544-4E59-AC12-B3B25E072D78}.Debug|x64.ActiveCfg = Debug|x64
		{0201C51F-2544-4E59-AC12-B3B25E072D78}.Debug|x64.Build.0 = Debug|x64
		{0201C51F-2544-4E59-AC12-B3B25E072D78}.Debug|x86.ActiveCfg = Debug|Win32
		{0201C51F-2544-4E59-AC12-B3B25E072D78}.Debug|x86.Build.0 = Debug|Win32
		{0201C51F-2544-4E59-AC12-B3B25E072D78}.Release|x64.ActiveCfg = Release|x64
		{0201C51F-2544-4E59-AC12-B3B25E072D78}.Release|x64.Build.0 = Release|x64
		{0201C51F-2544-4E59-AC12-B3B25E072D78}.Release|x86.ActiveCfg = Release|Win32
		{0201C51F-2544-4E59-AC12-B3B25E072D78}.Release|x86.Build.0 = Release|Win32
		{DE533415-724D-469F-B02D-04A7DB402007}.Debug|x64.ActiveCfg = Debug|x64
		{DE533415-724D-469F-B02D-04A7DB402007}.Debug|x64.Build.0 = Debug|x64
		{DE533415-724D-469F-B02D-04A7DB402007}.Debug|x86.ActiveCfg = Debug|Win32
		{DE533415-724D-469F-B02D-04A7DB402007}.Debug|x86.Build.0 = Debug|Win32
		{DE533415-724D-469F-B02D-04A7DB402007}.Release|x64.ActiveCfg = Release|x64
		{DE533415-724D-469F-B02D-04A7DB402007}.Release|x64.Build.0 = Release|x64
		{DE533415-724D-469F-B02D-04A7DB402007}.Release|x86.ActiveCfg = Release|Win32
		{DE533415-724D-469F-B02D-04A7DB402007}.Release|x86.Build.0 = Release|Win32
		{C2A40B68-EF5D-4D66-B285-322E1E185150}.Debug|x64.ActiveCfg = Debug|x64
		{C2A40B68-EF5D-4D66-B285-322E1E185150}.Debug|x64.Build.0 = Debug|x64
		{C2A40B68-EF5D-4D66-B285-322E1E185150}.Debug|x86.ActiveCfg = Debug|Win32
		{C2A40B68-EF5D-4D66-B285-322E1E185150}.Debug|x86.Build.0 = Debug|Win32
		{C2A40B68-EF5D-4D66-B285-322E1E185150}.Release|x64.ActiveCfg = Release|x64
		{C2A40B68-EF5D-4D66-B285-322E1E185150}.Release|x64.Build.0 = Release|x64
		{C2A40B68-EF5D-4D66-B285-322E1E185150}.Release|x86.ActiveCfg = Release|Win32
		{C2A40B68-EF5D-4D66-B285-322E1E185150}.Release|x86.Build.0 = Release|Win32
		{3128340B-3353-45CE-94A9-3C78E1EEDF4C}.Debug|x64.ActiveCfg = Debug|x64
		{3128340B-3353-45CE-94A9-3C78E1EEDF4C}.Debug|x64.Build.0 = Debug|x64
		{3128340B-3353-45CE-94A9-3C78E1EEDF4C}.Debug|x86.ActiveCfg = Debug|Win32
		{3128340B-3353-45CE-94A9-3C78E1EEDF4C}.Debug|x86.Build.0 = Debug|Win32
		{3128340B-3353-45CE-94A9-3C78E1EEDF4C}.Release|x64.ActiveCfg = Release|x64
		{3128340B-3353-45CE-94A9-3C78E1EEDF4C}.Release|x64.Build.0 = Release|x64
		{3128340B-3353-45CE-94A9-3C78E1EEDF4C}.Release|x86.ActiveCfg = Release|Win32
		{3128340B-3353-45CE-94A9-3C78E1EEDF4C}.Release|x86.Build.0 = Release|Win32
		{86E4278E-D82F-404A-B03D-0ACBD2E398B9}.Debug|x64.ActiveCfg = Debug|x64
		{86E4278E-D82F-404A-B03D-0ACBD2E398B9}.Debug|x64.Build.0 = Debug|x64
		{86E4278E-D82F-404A-B03D-0ACBD2E398B9}.Debug|x86.ActiveCfg = Debug|Win32
		{86E4278E-D82F-404A-B03D-0ACBD2E398B9}.Debug|x86.Build.0 = Debug|Win32
		{86E4278E-D82F-404A-B03D-0ACBD2E398B9}.Release|x64.ActiveCfg = Release|x64
		{86E4278E-D82F-404A-B03D-0ACBD2E398B9}.Release|x64.Build.0 = Release|x64
		{86E4278E-D82F-404A-B03D-0ACBD2E398B9}.Release|x86.ActiveCfg = Release|Win32
		{86E4278E-D82F-404A-B03D-0ACBD2E398B9}.Release|x86.Build.0 = Release|Win32
		{5E6BE57F-3A05-4160-AD07-A27F242583FC}.Debug|x64.ActiveCfg = Debug|x64
		{5E6BE57F-3A05-4160-AD07-A27F242583FC}.Debug|x64.Build.0 = Debug|x64
		{5E6BE57F-3A05-4160-AD07-A27F242583FC}.Debug|x86.ActiveCfg = Debug|Win32
		{5E6BE57F-3A05-4160-AD07-A27F242583FC}.Debug|x86.Build.0 = Debug|Win32
		{5E6BE57F-3A05-4160-AD07-A27F242583FC}.Release|x64.ActiveCfg = Release|x64
		{5E6BE57F-3A05-4160-AD07-A27F242583FC}.Release|x64.Build.0 = Release|x64
		{5E6BE57F-3A05-4160-AD07-A27F242583FC}.Release|x86.ActiveCfg = Release|Win32
		{5E6BE57F-3A05-4160-AD07-A27F242583FC}.Release|x86.Build.0 = Release|Win32
		{248797EA-63FE-40D3-B0CA-D9EA10C8F13E}.Debug|x64.ActiveCfg = Debug|x64
		{248797EA-63FE-40D3-B0CA-D9EA10C8F13E}.Debug|x64.Build.0 = Debug|x64
		{248797EA-63FE-40D3-B0CA-D9EA10C8F13E}.Debug|x86.ActiveCfg = Debug|Win32
		{248797EA-63FE-40D3-B0CA-D9EA10C8F13E}.Debug|x86.Build.0 = Debug|Win32
		{248797EA-63FE-40D3-B0CA-D9EA10C8F13E}.Release|x64.ActiveCfg = Release|x64
		{248797EA-63FE-40D3-B0CA-D9EA10C8F13E}.Release|x64.Build.0 = Release|x64
		{248797EA-63FE-40D3-B0CA-D9EA10C8F13E}.Release|x86.ActiveCfg = Release|Win32
		{248797EA-63FE-40D3-B0CA-D9EA10C8F13E}.Release|x86.Build.0 = Release|Win32
		{ADCAE518-B0B5-4196-995D-7B566AB701B4}.Debug|x64.ActiveCfg = Debug|x64
		{ADCAE518-B0B5-4196-995D-7B566AB701B4}.Debug|x64.Build.0 = Debug|x64
		{ADCAE518-B0B5-4196-995D-7B566AB701B4}.Debug|x86.ActiveCfg = Debug|Win32
		{ADCAE518-B0B5-4196-995D-7B566AB701B4}.Debug|x86.Build.0 = Debug|Win32
		{ADCAE518-B0B5-4196-995D-7B566AB701B4}.Release|x64.ActiveCfg = Release|x64
		{ADCAE518-B0B5-4196-995D-7B566AB701B4}.Release|x64.Build.0 = Release|x64
		{ADCAE518-B0B5-4196-995D-7B566AB701B4}.Release|x86.ActiveCfg = Release|Win32
		{ADCAE518-B0B5-4196-995D-7B566AB701B4}.Release|x86.Build.0 = Release|Win32
		{3CC188C2-82C7-4D97-A3FB-E7AF9E7E033D}.Debug|x64.ActiveCfg = Debug|x64
		{3CC188C2-82C7-4D97-A3FB-E7AF9E7E033D}.Debug|x64.Build.0 = Debug|x64
		{3CC188C2-82C7-4D97-A3FB-E7AF9E7E033D}.Debug|x86.ActiveCfg = Debug|Win32
		{3CC188C2-82C7-4D97-A3FB-E7AF9E7E033D}.Debug|x86.Build.0 = Debug|Win32
		{3CC188C2-82C7-4D97-A3FB-E7AF9E7E033D}.Release|x64.ActiveCfg = Release|x64
		{3CC188C2-82C7-4D97-A3FB-E7AF9E7E033D}.Release|x64.Build.0 = Release|x64
		{3CC188C2-82C7-4D97-A3FB-E7AF9E7E033D}.Release|x86.ActiveCfg = Release|Win32
		{3CC188C2-82C7-4D97-A3FB-E7AF9E7E033D}.Release|x86.Build.0 = Release|Win32
		{06774B99-5051-4BDA-B267-F7B20B7ADF4D}.Debug|x64.ActiveCfg = Debug|x64
		{06774B99-5051-4BDA-B267-F7B20B7ADF4D}.Debug|x64.Build.0 = Debug|x64
		{06774B99-5051-4BDA-B267-F7B20B7ADF4D}.Debug|x86.ActiveCfg = Debug|Win32
		{06774B99-5051-4BDA-B267-F7B20B7ADF4D}.Debug|x86.Build.0 = Debug|Win32
		{06774B99-5051-4BDA-B267-F7B20B7ADF4D}.Release|x64.ActiveCfg = Release|x64
		{06774B99-5051-4BDA-B267-F7B20B7ADF4D}.Release|x64.Build.0 = Release|x64
		{06774B99-5051-4BDA-B267-F7B20B7ADF4D}.Release|x86.ActiveCfg = Release|Win32
		{06774B99-5051-4BDA-B267-F7B20B7ADF4D}.Release|x86.Build.0 = Release|Win32
		{78FD01C5-7B99-45B7-AD66-7CA54E37CBCB}.Debug|x64.ActiveCfg = Debug|x64
		{78FD01C5-7B99-45B7-AD66-7CA54E37CBCB}.Debug|x64.Build.0 = Debug|x64
		{78FD01C5-7B99-45B7-AD66-7CA54E37CBCB}.Debug|x86.ActiveCfg = Debug|Win32
		{78FD01C5-7B99-45B7-AD66-7CA54E37CBCB}.Debug|x86.Build.0 = Debug|Win32
		{78FD01C5-7B99-45B7-AD66-7CA54E37CBCB}.Release|x64.ActiveCfg = Release|x64
		{78FD01C5-7B99-45B7-AD66-7CA54E37CBCB}.Release|x64.Build.0 = Release|x64
		{78FD01C5-7B99-45B7-AD66-7CA54E37CBCB}.Release|x86.ActiveCfg = Release|Win32
		{78FD01C5-7B99-45B7-AD66-7CA54E37CBCB}.Release|x86.Build.0 = Release|Win32
		{1D346DC7-334F-4528-88E8-4F14DC8C7268}.Debug|x64.ActiveCfg = Debug|x64
		{1D346DC7-334F-4528-88E8-4F14DC8C7268}.Debug|x64.Build.0 = Debug|x64
		{1D346DC7-334F-4528-88E8-4F14DC8C7268}.Debug|x86.ActiveCfg = Debug|Win32
		{1D346DC7-334F-4528-88E8-4F14DC8C7268}.Debug|x86.Build.0 = Debug|Win32
		{1D346DC7-334F-4528-88E8-4F14DC8C7268}.Release|x64.ActiveCfg = Release|x64
		{1D346DC7-334F-4528-88E8-4F14DC8C7268}.Release|x64.Build.0 = Release|x64
		{1D346DC7-334F-4528-88E8-4F14DC8C7268}.Release|x86.ActiveCfg = Release|Win32
		{1D346DC7-334F-4528-88E8-4F14DC8C7268}.Release|x86.Build.0 = Release|Win32
		{452DDCD9-2AB8-4401-A84D-443930D46763}.Debug|x64.ActiveCfg = Debug|x64
		{452DDCD9-2AB8-4401-A84D-443930D46763}.Debug|x64.Build.0 = Debug|x64
		{452DDCD9-2AB8-4401-A84D-443930D46763}.Debug|x86.ActiveCfg = Debug|Win32
		{452DDCD9-2AB8-4401-A84D-443930D46763}.Debug|x86.Build.0 = Debug|Win32
		{452DDCD9-2AB8-4401-A84D-443930D46763}.Release|x64.ActiveCfg = Release|x64
		{452DDCD9-2AB8-4401-A84D-443930D46763}.Release|x64.Build.0 = Release|x64
		{452DDCD9-2AB8-4401-A84D-443930D46763}.Release|x86.ActiveCfg = Release|Win32
		{452DDCD9-2AB8-4401-A84D-443930D46763}.Release|x86.Build.0 = Release|Win32
	EndGlobalSection
	GlobalSection(SolutionProperties) = preSolution
		HideSolutionNode = FALSE
	EndGlobalSection
	GlobalSection(ExtensibilityGlobals) = postSolution
		SolutionGuid = {5C5DB896-2D2C-4E19-91B5-CDEBB3D8C724}
	EndGlobalSection
EndGlobal
