<?xml version="1.0" encoding="utf-8"?>
<Project ToolsVersion="4.0" xmlns="http://schemas.microsoft.com/developer/msbuild/2003">
  <ItemGroup>
    <Filter Include="Исходные файлы">
      <UniqueIdentifier>{4FC737F1-C7A5-4376-A066-2A32D752A2FF}</UniqueIdentifier>
      <Extensions>cpp;c;cc;cxx;c++;cppm;ixx;def;odl;idl;hpj;bat;asm;asmx</Extensions>
    </Filter>
    <Filter Include="Файлы заголовков">
      <UniqueIdentifier>{93995380-89BD-4b04-88EB-625FBE52EBFB}</UniqueIdentifier>
      <Extensions>h;hh;hpp;hxx;h++;hm;inl;inc;ipp;xsd</Extensions>
    </Filter>
    <Filter Include="Файлы ресурсов">
      <UniqueIdentifier>{67DA6AB6-F800-4c08-8B7A-83BB121AAD01}</UniqueIdentifier>
      <Extensions>rc;ico;cur;bmp;dlg;rc2;rct;bin;rgs;gif;jpg;jpeg;jpe;resx;tiff;tif;png;wav;mfcribbon-ms</Extensions>
    </Filter>
    <Filter Include="test-data">
      <UniqueIdentifier>{097f2556-93d7-4629-b89a-979983597df0}</UniqueIdentifier>
    </Filter>
  </ItemGroup>
  <ItemGroup>
    <ClCompile Include="Replace.cpp">
      <Filter>Исходные файлы</Filter>
    </ClCompile>
  </ItemGroup>
  <ItemGroup>
    <None Include="test.bat">
      <Filter>test-data</Filter>
    </None>
  </ItemGroup>
  <ItemGroup>
    <Text Include="test-data\empty-search.txt">
      <Filter>test-data</Filter>
    </Text>
    <Text Include="test-data\empty-search-out.txt">
      <Filter>test-data</Filter>
    </Text>
    <Text Include="test-data\fox.txt">
      <Filter>test-data</Filter>
    </Text>
    <Text Include="test-data\fox-replace-bird-with-cat.txt">
      <Filter>test-data</Filter>
    </Text>
    <Text Include="test-data\fox-replace-dog-with-cat.txt">
      <Filter>test-data</Filter>
    </Text>
    <Text Include="test-data\mama.txt">
      <Filter>test-data</Filter>
    </Text>
    <Text Include="test-data\mama-replace-ma-with-mama.txt">
      <Filter>test-data</Filter>
    </Text>
    <Text Include="test-data\numbers.txt">
      <Filter>test-data</Filter>
    </Text>
    <Text Include="test-data\numbers-replace-1231234-with-rep.txt">
      <Filter>test-data</Filter>
    </Text>
    <Text Include="test-data\abcdef.txt">
      <Filter>test-data</Filter>
    </Text>
    <Text Include="test-data\abcdef-replace-empty-with-abc.txt">
      <Filter>test-data</Filter>
    </Text>
  </ItemGroup>
</Project>